Microsoft Visual Studio Solution File, Format Version 12.00
# Visual Studio Version 17
VisualStudioVersion = 17.5.2.0
MinimumVisualStudioVersion = 10.0.40219.1
Project("{FAE04EC0-301F-11D3-BF4B-00C04F79EFBC}") = "OracleDBReader", "OracleDBReader.csproj", "{4E27D892-E242-56AE-EC3A-CE027E95BAA3}"
EndProject
Global
	GlobalSection(SolutionConfigurationPlatforms) = preSolution
		Debug|Any CPU = Debug|Any CPU
		Release|Any CPU = Release|Any CPU
	EndGlobalSection
	GlobalSection(ProjectConfigurationPlatforms) = postSolution
		{4E27D892-E242-56AE-EC3A-CE027E95BAA3}.Debug|Any CPU.ActiveCfg = Debug|Any CPU
		{4E27D892-E242-56AE-EC3A-CE027E95BAA3}.Debug|Any CPU.Build.0 = Debug|Any CPU
		{4E27D892-E242-56AE-EC3A-CE027E95BAA3}.Release|Any CPU.ActiveCfg = Release|Any CPU
		{4E27D892-E242-56AE-EC3A-CE027E95BAA3}.Release|Any CPU.Build.0 = Release|Any CPU
	EndGlobalSection
	GlobalSection(SolutionProperties) = preSolution
		HideSolutionNode = FALSE
	EndGlobalSection
	GlobalSection(ExtensibilityGlobals) = postSolution
		SolutionGuid = {88C4940D-183C-4E18-A78D-3690B691294D}
	EndGlobalSection
EndGlobal
